
Microsoft Visual Studio Solution File, Format Version 12.00
# Visual Studio Version 16
VisualStudioVersion = 16.0.29230.47
MinimumVisualStudioVersion = 10.0.40219.1
Project("{FAE04EC0-301F-11D3-BF4B-00C04F79EFBC}") = "How_to_use_List", "How_to_use_List\How_to_use_List.csproj", "{D335164F-AAD2-4E0F-8213-30A1992198D3}"
EndProject
Global
	GlobalSection(SolutionConfigurationPlatforms) = preSolution
		Debug|Any CPU = Debug|Any CPU
		Release|Any CPU = Release|Any CPU
	EndGlobalSection
	GlobalSection(ProjectConfigurationPlatforms) = postSolution
		{D335164F-AAD2-4E0F-8213-30A1992198D3}.Debug|Any CPU.ActiveCfg = Debug|Any CPU
		{D335164F-AAD2-4E0F-8213-30A1992198D3}.Debug|Any CPU.Build.0 = Debug|Any CPU
		{D335164F-AAD2-4E0F-8213-30A1992198D3}.Release|Any CPU.ActiveCfg = Release|Any CPU
		{D335164F-AAD2-4E0F-8213-30A1992198D3}.Release|Any CPU.Build.0 = Release|Any CPU
	EndGlobalSection
	GlobalSection(SolutionProperties) = preSolution
		HideSolutionNode = FALSE
	EndGlobalSection
	GlobalSection(ExtensibilityGlobals) = postSolution
		SolutionGuid = {244E45EA-38FF-4438-97E4-0802FA495DA1}
	EndGlobalSection
EndGlobal
